// !$*UTF8*$!
{
	archiveVersion = 1;
	classes = {
	};
	objectVersion = 46;
	objects = {

/* Begin PBXBuildFile section */
		13081DE61D7E355D0042355A /* AppDelegate.swift in Sources */ = {isa = PBXBuildFile; fileRef = 13081DE51D7E355D0042355A /* AppDelegate.swift */; };
		13081DED1D7E355D0042355A /* Assets.xcassets in Resources */ = {isa = PBXBuildFile; fileRef = 13081DEC1D7E355D0042355A /* Assets.xcassets */; };
		13081DF01D7E355D0042355A /* LaunchScreen.storyboard in Resources */ = {isa = PBXBuildFile; fileRef = 13081DEE1D7E355D0042355A /* LaunchScreen.storyboard */; };
		13081DFB1D7E355D0042355A /* FlickrSearchTests.swift in Sources */ = {isa = PBXBuildFile; fileRef = 13081DFA1D7E355D0042355A /* FlickrSearchTests.swift */; };
		13081E061D7E355D0042355A /* FlickrSearchUITests.swift in Sources */ = {isa = PBXBuildFile; fileRef = 13081E051D7E355D0042355A /* FlickrSearchUITests.swift */; };
		13081E171D7E36240042355A /* ImageSearchViewController.swift in Sources */ = {isa = PBXBuildFile; fileRef = 13081E151D7E36240042355A /* ImageSearchViewController.swift */; };
		13081E181D7E36240042355A /* ImageSearchViewController.xib in Resources */ = {isa = PBXBuildFile; fileRef = 13081E161D7E36240042355A /* ImageSearchViewController.xib */; };
		138031231D7E662B00313793 /* ImageDetailViewController.swift in Sources */ = {isa = PBXBuildFile; fileRef = 138031211D7E662B00313793 /* ImageDetailViewController.swift */; };
		138031241D7E662B00313793 /* ImageDetailViewController.xib in Resources */ = {isa = PBXBuildFile; fileRef = 138031221D7E662B00313793 /* ImageDetailViewController.xib */; };
		13BFABAB1D7E4347006BB388 /* DataServiceManager.swift in Sources */ = {isa = PBXBuildFile; fileRef = 13BFABAA1D7E4347006BB388 /* DataServiceManager.swift */; };
		13BFABAD1D7E519C006BB388 /* PhotoItemDataModel.swift in Sources */ = {isa = PBXBuildFile; fileRef = 13BFABAC1D7E519C006BB388 /* PhotoItemDataModel.swift */; };
		13BFABB01D7E5878006BB388 /* ImageSearchCollectionViewCell.swift in Sources */ = {isa = PBXBuildFile; fileRef = 13BFABAE1D7E5878006BB388 /* ImageSearchCollectionViewCell.swift */; };
		13BFABB11D7E5878006BB388 /* ImageSearchCollectionViewCell.xib in Resources */ = {isa = PBXBuildFile; fileRef = 13BFABAF1D7E5878006BB388 /* ImageSearchCollectionViewCell.xib */; };
		2233D05123A6F18C4FD5A7B2 /* Pods.framework in Frameworks */ = {isa = PBXBuildFile; fileRef = ECFE7FBA1C348F4258130013 /* Pods.framework */; };
/* End PBXBuildFile section */

/* Begin PBXContainerItemProxy section */
		13081DF71D7E355D0042355A /* PBXContainerItemProxy */ = {
			isa = PBXContainerItemProxy;
			containerPortal = 13081DDA1D7E355D0042355A /* Project object */;
			proxyType = 1;
			remoteGlobalIDString = 13081DE11D7E355D0042355A;
			remoteInfo = FlickrSearch;
		};
		13081E021D7E355D0042355A /* PBXContainerItemProxy */ = {
			isa = PBXContainerItemProxy;
			containerPortal = 13081DDA1D7E355D0042355A /* Project object */;
			proxyType = 1;
			remoteGlobalIDString = 13081DE11D7E355D0042355A;
			remoteInfo = FlickrSearch;
		};
/* End PBXContainerItemProxy section */

/* Begin PBXFileReference section */
		13081DE21D7E355D0042355A /* FlickrSearch.app */ = {isa = PBXFileReference; explicitFileType = wrapper.application; includeInIndex = 0; path = FlickrSearch.app; sourceTree = BUILT_PRODUCTS_DIR; };
		13081DE51D7E355D0042355A /* AppDelegate.swift */ = {isa = PBXFileReference; lastKnownFileType = sourcecode.swift; path = AppDelegate.swift; sourceTree = "<group>"; };
		13081DEC1D7E355D0042355A /* Assets.xcassets */ = {isa = PBXFileReference; lastKnownFileType = folder.assetcatalog; path = Assets.xcassets; sourceTree = "<group>"; };
		13081DEF1D7E355D0042355A /* Base */ = {isa = PBXFileReference; lastKnownFileType = file.storyboard; name = Base; path = Base.lproj/LaunchScreen.storyboard; sourceTree = "<group>"; };
		13081DF11D7E355D0042355A /* Info.plist */ = {isa = PBXFileReference; lastKnownFileType = text.plist.xml; path = Info.plist; sourceTree = "<group>"; };
		13081DF61D7E355D0042355A /* FlickrSearchTests.xctest */ = {isa = PBXFileReference; explicitFileType = wrapper.cfbundle; includeInIndex = 0; path = FlickrSearchTests.xctest; sourceTree = BUILT_PRODUCTS_DIR; };
		13081DFA1D7E355D0042355A /* FlickrSearchTests.swift */ = {isa = PBXFileReference; lastKnownFileType = sourcecode.swift; path = FlickrSearchTests.swift; sourceTree = "<group>"; };
		13081DFC1D7E355D0042355A /* Info.plist */ = {isa = PBXFileReference; lastKnownFileType = text.plist.xml; path = Info.plist; sourceTree = "<group>"; };
		13081E011D7E355D0042355A /* FlickrSearchUITests.xctest */ = {isa = PBXFileReference; explicitFileType = wrapper.cfbundle; includeInIndex = 0; path = FlickrSearchUITests.xctest; sourceTree = BUILT_PRODUCTS_DIR; };
		13081E051D7E355D0042355A /* FlickrSearchUITests.swift */ = {isa = PBXFileReference; lastKnownFileType = sourcecode.swift; path = FlickrSearchUITests.swift; sourceTree = "<group>"; };
		13081E071D7E355D0042355A /* Info.plist */ = {isa = PBXFileReference; lastKnownFileType = text.plist.xml; path = Info.plist; sourceTree = "<group>"; };
		13081E151D7E36240042355A /* ImageSearchViewController.swift */ = {isa = PBXFileReference; fileEncoding = 4; lastKnownFileType = sourcecode.swift; path = ImageSearchViewController.swift; sourceTree = "<group>"; };
		13081E161D7E36240042355A /* ImageSearchViewController.xib */ = {isa = PBXFileReference; fileEncoding = 4; lastKnownFileType = file.xib; path = ImageSearchViewController.xib; sourceTree = "<group>"; };
		138031211D7E662B00313793 /* ImageDetailViewController.swift */ = {isa = PBXFileReference; fileEncoding = 4; lastKnownFileType = sourcecode.swift; path = ImageDetailViewController.swift; sourceTree = "<group>"; };
		138031221D7E662B00313793 /* ImageDetailViewController.xib */ = {isa = PBXFileReference; fileEncoding = 4; lastKnownFileType = file.xib; path = ImageDetailViewController.xib; sourceTree = "<group>"; };
		13BFABAA1D7E4347006BB388 /* DataServiceManager.swift */ = {isa = PBXFileReference; fileEncoding = 4; lastKnownFileType = sourcecode.swift; path = DataServiceManager.swift; sourceTree = "<group>"; };
		13BFABAC1D7E519C006BB388 /* PhotoItemDataModel.swift */ = {isa = PBXFileReference; fileEncoding = 4; lastKnownFileType = sourcecode.swift; path = PhotoItemDataModel.swift; sourceTree = "<group>"; };
		13BFABAE1D7E5878006BB388 /* ImageSearchCollectionViewCell.swift */ = {isa = PBXFileReference; fileEncoding = 4; lastKnownFileType = sourcecode.swift; path = ImageSearchCollectionViewCell.swift; sourceTree = "<group>"; };
		13BFABAF1D7E5878006BB388 /* ImageSearchCollectionViewCell.xib */ = {isa = PBXFileReference; fileEncoding = 4; lastKnownFileType = file.xib; path = ImageSearchCollectionViewCell.xib; sourceTree = "<group>"; };
		ACABC988A92536382AC86B7C /* Pods.debug.xcconfig */ = {isa = PBXFileReference; includeInIndex = 1; lastKnownFileType = text.xcconfig; name = Pods.debug.xcconfig; path = "Pods/Target Support Files/Pods/Pods.debug.xcconfig"; sourceTree = "<group>"; };
		ECFE7FBA1C348F4258130013 /* Pods.framework */ = {isa = PBXFileReference; explicitFileType = wrapper.framework; includeInIndex = 0; path = Pods.framework; sourceTree = BUILT_PRODUCTS_DIR; };
		F2F922A688FF5A1C17AD01DA /* Pods.release.xcconfig */ = {isa = PBXFileReference; includeInIndex = 1; lastKnownFileType = text.xcconfig; name = Pods.release.xcconfig; path = "Pods/Target Support Files/Pods/Pods.release.xcconfig"; sourceTree = "<group>"; };
/* End PBXFileReference section */

/* Begin PBXFrameworksBuildPhase section */
		13081DDF1D7E355D0042355A /* Frameworks */ = {
			isa = PBXFrameworksBuildPhase;
			buildActionMask = 2147483647;
			files = (
				2233D05123A6F18C4FD5A7B2 /* Pods.framework in Frameworks */,
			);
			runOnlyForDeploymentPostprocessing = 0;
		};
		13081DF31D7E355D0042355A /* Frameworks */ = {
			isa = PBXFrameworksBuildPhase;
			buildActionMask = 2147483647;
			files = (
			);
			runOnlyForDeploymentPostprocessing = 0;
		};
		13081DFE1D7E355D0042355A /* Frameworks */ = {
			isa = PBXFrameworksBuildPhase;
			buildActionMask = 2147483647;
			files = (
			);
			runOnlyForDeploymentPostprocessing = 0;
		};
/* End PBXFrameworksBuildPhase section */

/* Begin PBXGroup section */
		13081DD91D7E355D0042355A = {
			isa = PBXGroup;
			children = (
				13081DE41D7E355D0042355A /* FlickrSearch */,
				13081DF91D7E355D0042355A /* FlickrSearchTests */,
				13081E041D7E355D0042355A /* FlickrSearchUITests */,
				13081DE31D7E355D0042355A /* Products */,
				96CC83A986A9280D8F944202 /* Pods */,
				E45857027684D984BFED7E23 /* Frameworks */,
			);
			sourceTree = "<group>";
		};
		13081DE31D7E355D0042355A /* Products */ = {
			isa = PBXGroup;
			children = (
				13081DE21D7E355D0042355A /* FlickrSearch.app */,
				13081DF61D7E355D0042355A /* FlickrSearchTests.xctest */,
				13081E011D7E355D0042355A /* FlickrSearchUITests.xctest */,
			);
			name = Products;
			sourceTree = "<group>";
		};
		13081DE41D7E355D0042355A /* FlickrSearch */ = {
			isa = PBXGroup;
			children = (
				13BFABA61D7E3D40006BB388 /* Models */,
				13081E131D7E35E50042355A /* UI */,
				13081E141D7E35F20042355A /* Utilities */,
				13081DE51D7E355D0042355A /* AppDelegate.swift */,
				13081DEC1D7E355D0042355A /* Assets.xcassets */,
				13081DEE1D7E355D0042355A /* LaunchScreen.storyboard */,
				13081DF11D7E355D0042355A /* Info.plist */,
			);
			path = FlickrSearch;
			sourceTree = "<group>";
		};
		13081DF91D7E355D0042355A /* FlickrSearchTests */ = {
			isa = PBXGroup;
			children = (
				13081DFA1D7E355D0042355A /* FlickrSearchTests.swift */,
				13081DFC1D7E355D0042355A /* Info.plist */,
			);
			path = FlickrSearchTests;
			sourceTree = "<group>";
		};
		13081E041D7E355D0042355A /* FlickrSearchUITests */ = {
			isa = PBXGroup;
			children = (
				13081E051D7E355D0042355A /* FlickrSearchUITests.swift */,
				13081E071D7E355D0042355A /* Info.plist */,
			);
			path = FlickrSearchUITests;
			sourceTree = "<group>";
		};
		13081E131D7E35E50042355A /* UI */ = {
			isa = PBXGroup;
			children = (
				13081E151D7E36240042355A /* ImageSearchViewController.swift */,
				13081E161D7E36240042355A /* ImageSearchViewController.xib */,
				13BFABAE1D7E5878006BB388 /* ImageSearchCollectionViewCell.swift */,
				13BFABAF1D7E5878006BB388 /* ImageSearchCollectionViewCell.xib */,
				138031211D7E662B00313793 /* ImageDetailViewController.swift */,
				138031221D7E662B00313793 /* ImageDetailViewController.xib */,
			);
			path = UI;
			sourceTree = "<group>";
		};
		13081E141D7E35F20042355A /* Utilities */ = {
			isa = PBXGroup;
			children = (
				13BFABAA1D7E4347006BB388 /* DataServiceManager.swift */,
			);
			path = Utilities;
			sourceTree = "<group>";
		};
		13BFABA61D7E3D40006BB388 /* Models */ = {
			isa = PBXGroup;
			children = (
				13BFABAC1D7E519C006BB388 /* PhotoItemDataModel.swift */,
			);
			path = Models;
			sourceTree = "<group>";
		};
		96CC83A986A9280D8F944202 /* Pods */ = {
			isa = PBXGroup;
			children = (
				ACABC988A92536382AC86B7C /* Pods.debug.xcconfig */,
				F2F922A688FF5A1C17AD01DA /* Pods.release.xcconfig */,
			);
			name = Pods;
			sourceTree = "<group>";
		};
		E45857027684D984BFED7E23 /* Frameworks */ = {
			isa = PBXGroup;
			children = (
				ECFE7FBA1C348F4258130013 /* Pods.framework */,
			);
			name = Frameworks;
			sourceTree = "<group>";
		};
/* End PBXGroup section */

/* Begin PBXNativeTarget section */
		13081DE11D7E355D0042355A /* FlickrSearch */ = {
			isa = PBXNativeTarget;
			buildConfigurationList = 13081E0A1D7E355D0042355A /* Build configuration list for PBXNativeTarget "FlickrSearch" */;
			buildPhases = (
				B9E531674E6D257918F116B3 /* Check Pods Manifest.lock */,
				13081DDE1D7E355D0042355A /* Sources */,
				13081DDF1D7E355D0042355A /* Frameworks */,
				13081DE01D7E355D0042355A /* Resources */,
				28F8BC2FD8D7231A01546250 /* Embed Pods Frameworks */,
				D3850D6B4995CD2DAFD4753C /* Copy Pods Resources */,
			);
			buildRules = (
			);
			dependencies = (
			);
			name = FlickrSearch;
			productName = FlickrSearch;
			productReference = 13081DE21D7E355D0042355A /* FlickrSearch.app */;
			productType = "com.apple.product-type.application";
		};
		13081DF51D7E355D0042355A /* FlickrSearchTests */ = {
			isa = PBXNativeTarget;
			buildConfigurationList = 13081E0D1D7E355D0042355A /* Build configuration list for PBXNativeTarget "FlickrSearchTests" */;
			buildPhases = (
				13081DF21D7E355D0042355A /* Sources */,
				13081DF31D7E355D0042355A /* Frameworks */,
				13081DF41D7E355D0042355A /* Resources */,
			);
			buildRules = (
			);
			dependencies = (
				13081DF81D7E355D0042355A /* PBXTargetDependency */,
			);
			name = FlickrSearchTests;
			productName = FlickrSearchTests;
			productReference = 13081DF61D7E355D0042355A /* FlickrSearchTests.xctest */;
			productType = "com.apple.product-type.bundle.unit-test";
		};
		13081E001D7E355D0042355A /* FlickrSearchUITests */ = {
			isa = PBXNativeTarget;
			buildConfigurationList = 13081E101D7E355D0042355A /* Build configuration list for PBXNativeTarget "FlickrSearchUITests" */;
			buildPhases = (
				13081DFD1D7E355D0042355A /* Sources */,
				13081DFE1D7E355D0042355A /* Frameworks */,
				13081DFF1D7E355D0042355A /* Resources */,
			);
			buildRules = (
			);
			dependencies = (
				13081E031D7E355D0042355A /* PBXTargetDependency */,
			);
			name = FlickrSearchUITests;
			productName = FlickrSearchUITests;
			productReference = 13081E011D7E355D0042355A /* FlickrSearchUITests.xctest */;
			productType = "com.apple.product-type.bundle.ui-testing";
		};
/* End PBXNativeTarget section */

/* Begin PBXProject section */
		13081DDA1D7E355D0042355A /* Project object */ = {
			isa = PBXProject;
			attributes = {
				LastSwiftUpdateCheck = 0730;
				LastUpgradeCheck = 0730;
				ORGANIZATIONNAME = "Weichuan Tian";
				TargetAttributes = {
					13081DE11D7E355D0042355A = {
						CreatedOnToolsVersion = 7.3.1;
					};
					13081DF51D7E355D0042355A = {
						CreatedOnToolsVersion = 7.3.1;
						TestTargetID = 13081DE11D7E355D0042355A;
					};
					13081E001D7E355D0042355A = {
						CreatedOnToolsVersion = 7.3.1;
						TestTargetID = 13081DE11D7E355D0042355A;
					};
				};
			};
			buildConfigurationList = 13081DDD1D7E355D0042355A /* Build configuration list for PBXProject "FlickrSearch" */;
			compatibilityVersion = "Xcode 3.2";
			developmentRegion = English;
			hasScannedForEncodings = 0;
			knownRegions = (
				en,
				Base,
			);
			mainGroup = 13081DD91D7E355D0042355A;
			productRefGroup = 13081DE31D7E355D0042355A /* Products */;
			projectDirPath = "";
			projectRoot = "";
			targets = (
				13081DE11D7E355D0042355A /* FlickrSearch */,
				13081DF51D7E355D0042355A /* FlickrSearchTests */,
				13081E001D7E355D0042355A /* FlickrSearchUITests */,
			);
		};
/* End PBXProject section */

/* Begin PBXResourcesBuildPhase section */
		13081DE01D7E355D0042355A /* Resources */ = {
			isa = PBXResourcesBuildPhase;
			buildActionMask = 2147483647;
			files = (
				138031241D7E662B00313793 /* ImageDetailViewController.xib in Resources */,
				13081E181D7E36240042355A /* ImageSearchViewController.xib in Resources */,
				13081DF01D7E355D0042355A /* LaunchScreen.storyboard in Resources */,
				13BFABB11D7E5878006BB388 /* ImageSearchCollectionViewCell.xib in Resources */,
				13081DED1D7E355D0042355A /* Assets.xcassets in Resources */,
			);
			runOnlyForDeploymentPostprocessing = 0;
		};
		13081DF41D7E355D0042355A /* Resources */ = {
			isa = PBXResourcesBuildPhase;
			buildActionMask = 2147483647;
			files = (
			);
			runOnlyForDeploymentPostprocessing = 0;
		};
		13081DFF1D7E355D0042355A /* Resources */ = {
			isa = PBXResourcesBuildPhase;
			buildActionMask = 2147483647;
			files = (
			);
			runOnlyForDeploymentPostprocessing = 0;
		};
/* End PBXResourcesBuildPhase section */

/* Begin PBXShellScriptBuildPhase section */
		28F8BC2FD8D7231A01546250 /* Embed Pods Frameworks */ = {
			isa = PBXShellScriptBuildPhase;
			buildActionMask = 2147483647;
			files = (
			);
			inputPaths = (
			);
			name = "Embed Pods Frameworks";
			outputPaths = (
			);
			runOnlyForDeploymentPostprocessing = 0;
			shellPath = /bin/sh;
			shellScript = "\"${SRCROOT}/Pods/Target Support Files/Pods/Pods-frameworks.sh\"\n";
			showEnvVarsInLog = 0;
		};
		B9E531674E6D257918F116B3 /* Check Pods Manifest.lock */ = {
			isa = PBXShellScriptBuildPhase;
			buildActionMask = 2147483647;
			files = (
			);
			inputPaths = (
			);
			name = "Check Pods Manifest.lock";
			outputPaths = (
			);
			runOnlyForDeploymentPostprocessing = 0;
			shellPath = /bin/sh;
			shellScript = "diff \"${PODS_ROOT}/../Podfile.lock\" \"${PODS_ROOT}/Manifest.lock\" > /dev/null\nif [[ $? != 0 ]] ; then\n    cat << EOM\nerror: The sandbox is not in sync with the Podfile.lock. Run 'pod install' or update your CocoaPods installation.\nEOM\n    exit 1\nfi\n";
			showEnvVarsInLog = 0;
		};
		D3850D6B4995CD2DAFD4753C /* Copy Pods Resources */ = {
			isa = PBXShellScriptBuildPhase;
			buildActionMask = 2147483647;
			files = (
			);
			inputPaths = (
			);
			name = "Copy Pods Resources";
			outputPaths = (
			);
			runOnlyForDeploymentPostprocessing = 0;
			shellPath = /bin/sh;
			shellScript = "\"${SRCROOT}/Pods/Target Support Files/Pods/Pods-resources.sh\"\n";
			showEnvVarsInLog = 0;
		};
/* End PBXShellScriptBuildPhase section */

/* Begin PBXSourcesBuildPhase section */
		13081DDE1D7E355D0042355A /* Sources */ = {
			isa = PBXSourcesBuildPhase;
			buildActionMask = 2147483647;
			files = (
				13081E171D7E36240042355A /* ImageSearchViewController.swift in Sources */,
				138031231D7E662B00313793 /* ImageDetailViewController.swift in Sources */,
				13BFABAD1D7E519C006BB388 /* PhotoItemDataModel.swift in Sources */,
				13BFABAB1D7E4347006BB388 /* DataServiceManager.swift in Sources */,
				13BFABB01D7E5878006BB388 /* ImageSearchCollectionViewCell.swift in Sources */,
				13081DE61D7E355D0042355A /* AppDelegate.swift in Sources */,
			);
			runOnlyForDeploymentPostprocessing = 0;
		};
		13081DF21D7E355D0042355A /* Sources */ = {
			isa = PBXSourcesBuildPhase;
			buildActionMask = 2147483647;
			files = (
				13081DFB1D7E355D0042355A /* FlickrSearchTests.swift in Sources */,
			);
			runOnlyForDeploymentPostprocessing = 0;
		};
		13081DFD1D7E355D0042355A /* Sources */ = {
			isa = PBXSourcesBuildPhase;
			buildActionMask = 2147483647;
			files = (
				13081E061D7E355D0042355A /* FlickrSearchUITests.swift in Sources */,
			);
			runOnlyForDeploymentPostprocessing = 0;
		};
/* End PBXSourcesBuildPhase section */

/* Begin PBXTargetDependency section */
		13081DF81D7E355D0042355A /* PBXTargetDependency */ = {
			isa = PBXTargetDependency;
			target = 13081DE11D7E355D0042355A /* FlickrSearch */;
			targetProxy = 13081DF71D7E355D0042355A /* PBXContainerItemProxy */;
		};
		13081E031D7E355D0042355A /* PBXTargetDependency */ = {
			isa = PBXTargetDependency;
			target = 13081DE11D7E355D0042355A /* FlickrSearch */;
			targetProxy = 13081E021D7E355D0042355A /* PBXContainerItemProxy */;
		};
/* End PBXTargetDependency section */

/* Begin PBXVariantGroup section */
		13081DEE1D7E355D0042355A /* LaunchScreen.storyboard */ = {
			isa = PBXVariantGroup;
			children = (
				13081DEF1D7E355D0042355A /* Base */,
			);
			name = LaunchScreen.storyboard;
			sourceTree = "<group>";
		};
/* End PBXVariantGroup section */

/* Begin XCBuildConfiguration section */
		13081E081D7E355D0042355A /* Debug */ = {
			isa = XCBuildConfiguration;
			buildSettings = {
				ALWAYS_SEARCH_USER_PATHS = NO;
				CLANG_ANALYZER_NONNULL = YES;
				CLANG_CXX_LANGUAGE_STANDARD = "gnu++0x";
				CLANG_CXX_LIBRARY = "libc++";
				CLANG_ENABLE_MODULES = YES;
				CLANG_ENABLE_OBJC_ARC = YES;
				CLANG_WARN_BOOL_CONVERSION = YES;
				CLANG_WARN_CONSTANT_CONVERSION = YES;
				CLANG_WARN_DIRECT_OBJC_ISA_USAGE = YES_ERROR;
				CLANG_WARN_EMPTY_BODY = YES;
				CLANG_WARN_ENUM_CONVERSION = YES;
				CLANG_WARN_INT_CONVERSION = YES;
				CLANG_WARN_OBJC_ROOT_CLASS = YES_ERROR;
				CLANG_WARN_UNREACHABLE_CODE = YES;
				CLANG_WARN__DUPLICATE_METHOD_MATCH = YES;
				"CODE_SIGN_IDENTITY[sdk=iphoneos*]" = "iPhone Developer";
				COPY_PHASE_STRIP = NO;
				DEBUG_INFORMATION_FORMAT = dwarf;
				ENABLE_STRICT_OBJC_MSGSEND = YES;
				ENABLE_TESTABILITY = YES;
				GCC_C_LANGUAGE_STANDARD = gnu99;
				GCC_DYNAMIC_NO_PIC = NO;
				GCC_NO_COMMON_BLOCKS = YES;
				GCC_OPTIMIZATION_LEVEL = 0;
				GCC_PREPROCESSOR_DEFINITIONS = (
					"DEBUG=1",
					"$(inherited)",
				);
				GCC_WARN_64_TO_32_BIT_CONVERSION = YES;
				GCC_WARN_ABOUT_RETURN_TYPE = YES_ERROR;
				GCC_WARN_UNDECLARED_SELECTOR = YES;
				GCC_WARN_UNINITIALIZED_AUTOS = YES_AGGRESSIVE;
				GCC_WARN_UNUSED_FUNCTION = YES;
				GCC_WARN_UNUSED_VARIABLE = YES;
				IPHONEOS_DEPLOYMENT_TARGET = 9.3;
				MTL_ENABLE_DEBUG_INFO = YES;
				ONLY_ACTIVE_ARCH = YES;
				SDKROOT = iphoneos;
				SWIFT_OPTIMIZATION_LEVEL = "-Onone";
			};
			name = Debug;
		};
		13081E091D7E355D0042355A /* Release */ = {
			isa = XCBuildConfiguration;
			buildSettings = {
				ALWAYS_SEARCH_USER_PATHS = NO;
				CLANG_ANALYZER_NONNULL = YES;
				CLANG_CXX_LANGUAGE_STANDARD = "gnu++0x";
				CLANG_CXX_LIBRARY = "libc++";
				CLANG_ENABLE_MODULES = YES;
				CLANG_ENABLE_OBJC_ARC = YES;
				CLANG_WARN_BOOL_CONVERSION = YES;
				CLANG_WARN_CONSTANT_CONVERSION = YES;
				CLANG_WARN_DIRECT_OBJC_ISA_USAGE = YES_ERROR;
				CLANG_WARN_EMPTY_BODY = YES;
				CLANG_WARN_ENUM_CONVERSION = YES;
				CLANG_WARN_INT_CONVERSION = YES;
				CLANG_WARN_OBJC_ROOT_CLASS = YES_ERROR;
				CLANG_WARN_UNREACHABLE_CODE = YES;
				CLANG_WARN__DUPLICATE_METHOD_MATCH = YES;
				"CODE_SIGN_IDENTITY[sdk=iphoneos*]" = "iPhone Developer";
				COPY_PHASE_STRIP = NO;
				DEBUG_INFORMATION_FORMAT = "dwarf-with-dsym";
				ENABLE_NS_ASSERTIONS = NO;
				ENABLE_STRICT_OBJC_MSGSEND = YES;
				GCC_C_LANGUAGE_STANDARD = gnu99;
				GCC_NO_COMMON_BLOCKS = YES;
				GCC_WARN_64_TO_32_BIT_CONVERSION = YES;
				GCC_WARN_ABOUT_RETURN_TYPE = YES_ERROR;
				GCC_WARN_UNDECLARED_SELECTOR = YES;
				GCC_WARN_UNINITIALIZED_AUTOS = YES_AGGRESSIVE;
				GCC_WARN_UNUSED_FUNCTION = YES;
				GCC_WARN_UNUSED_VARIABLE = YES;
				IPHONEOS_DEPLOYMENT_TARGET = 9.3;
				MTL_ENABLE_DEBUG_INFO = NO;
				SDKROOT = iphoneos;
				VALIDATE_PRODUCT = YES;
			};
			name = Release;
		};
		13081E0B1D7E355D0042355A /* Debug */ = {
			isa = XCBuildConfiguration;
			baseConfigurationReference = ACABC988A92536382AC86B7C /* Pods.debug.xcconfig */;
			buildSettings = {
				ASSETCATALOG_COMPILER_APPICON_NAME = AppIcon;
				INFOPLIST_FILE = FlickrSearch/Info.plist;
				IPHONEOS_DEPLOYMENT_TARGET = 8.0;
				LD_RUNPATH_SEARCH_PATHS = "$(inherited) @executable_path/Frameworks";
				PRODUCT_BUNDLE_IDENTIFIER = com.albert.FlickrSearch;
				PRODUCT_NAME = "$(TARGET_NAME)";
			};
			name = Debug;
		};
		13081E0C1D7E355D0042355A /* Release */ = {
			isa = XCBuildConfiguration;
			baseConfigurationReference = F2F922A688FF5A1C17AD01DA /* Pods.release.xcconfig */;
			buildSettings = {
				ASSETCATALOG_COMPILER_APPICON_NAME = AppIcon;
				INFOPLIST_FILE = FlickrSearch/Info.plist;
				IPHONEOS_DEPLOYMENT_TARGET = 8.0;
				LD_RUNPATH_SEARCH_PATHS = "$(inherited) @executable_path/Frameworks";
				PRODUCT_BUNDLE_IDENTIFIER = com.albert.FlickrSearch;
				PRODUCT_NAME = "$(TARGET_NAME)";
			};
			name = Release;
		};
		13081E0E1D7E355D0042355A /* Debug */ = {
			isa = XCBuildConfiguration;
			buildSettings = {
				BUNDLE_LOADER = "$(TEST_HOST)";
				INFOPLIST_FILE = FlickrSearchTests/Info.plist;
				LD_RUNPATH_SEARCH_PATHS = "$(inherited) @executable_path/Frameworks @loader_path/Frameworks";
				PRODUCT_BUNDLE_IDENTIFIER = com.albert.FlickrSearchTests;
				PRODUCT_NAME = "$(TARGET_NAME)";
				TEST_HOST = "$(BUILT_PRODUCTS_DIR)/FlickrSearch.app/FlickrSearch";
			};
			name = Debug;
		};
		13081E0F1D7E355D0042355A /* Release */ = {
			isa = XCBuildConfiguration;
			buildSettings = {
				BUNDLE_LOADER = "$(TEST_HOST)";
				INFOPLIST_FILE = FlickrSearchTests/Info.plist;
				LD_RUNPATH_SEARCH_PATHS = "$(inherited) @executable_path/Frameworks @loader_path/Frameworks";
				PRODUCT_BUNDLE_IDENTIFIER = com.albert.FlickrSearchTests;
				PRODUCT_NAME = "$(TARGET_NAME)";
				TEST_HOST = "$(BUILT_PRODUCTS_DIR)/FlickrSearch.app/FlickrSearch";
			};
			name = Release;
		};
		13081E111D7E355D0042355A /* Debug */ = {
			isa = XCBuildConfiguration;
			buildSettings = {
				INFOPLIST_FILE = FlickrSearchUITests/Info.plist;
				LD_RUNPATH_SEARCH_PATHS = "$(inherited) @executable_path/Frameworks @loader_path/Frameworks";
				PRODUCT_BUNDLE_IDENTIFIER = com.albert.FlickrSearchUITests;
				PRODUCT_NAME = "$(TARGET_NAME)";
				TEST_TARGET_NAME = FlickrSearch;
			};
			name = Debug;
		};
		13081E121D7E355D0042355A /* Release */ = {
			isa = XCBuildConfiguration;
			buildSettings = {
				INFOPLIST_FILE = FlickrSearchUITests/Info.plist;
				LD_RUNPATH_SEARCH_PATHS = "$(inherited) @executable_path/Frameworks @loader_path/Frameworks";
				PRODUCT_BUNDLE_IDENTIFIER = com.albert.FlickrSearchUITests;
				PRODUCT_NAME = "$(TARGET_NAME)";
				TEST_TARGET_NAME = FlickrSearch;
			};
			name = Release;
		};
/* End XCBuildConfiguration section */

/* Begin XCConfigurationList section */
		13081DDD1D7E355D0042355A /* Build configuration list for PBXProject "FlickrSearch" */ = {
			isa = XCConfigurationList;
			buildConfigurations = (
				13081E081D7E355D0042355A /* Debug */,
				13081E091D7E355D0042355A /* Release */,
			);
			defaultConfigurationIsVisible = 0;
			defaultConfigurationName = Release;
		};
		13081E0A1D7E355D0042355A /* Build configuration list for PBXNativeTarget "FlickrSearch" */ = {
			isa = XCConfigurationList;
			buildConfigurations = (
				13081E0B1D7E355D0042355A /* Debug */,
				13081E0C1D7E355D0042355A /* Release */,
			);
			defaultConfigurationIsVisible = 0;
			defaultConfigurationName = Release;
		};
		13081E0D1D7E355D0042355A /* Build configuration list for PBXNativeTarget "FlickrSearchTests" */ = {
			isa = XCConfigurationList;
			buildConfigurations = (
				13081E0E1D7E355D0042355A /* Debug */,
				13081E0F1D7E355D0042355A /* Release */,
			);
			defaultConfigurationIsVisible = 0;
			defaultConfigurationName = Release;
		};
		13081E101D7E355D0042355A /* Build configuration list for PBXNativeTarget "FlickrSearchUITests" */ = {
			isa = XCConfigurationList;
			buildConfigurations = (
				13081E111D7E355D0042355A /* Debug */,
				13081E121D7E355D0042355A /* Release */,
			);
			defaultConfigurationIsVisible = 0;
			defaultConfigurationName = Release;
		};
/* End XCConfigurationList section */
	};
	rootObject = 13081DDA1D7E355D0042355A /* Project object */;
}
